
Microsoft Visual Studio Solution File, Format Version 12.00
# Visual Studio Version 16
VisualStudioVersion = 16.0.31205.134
MinimumVisualStudioVersion = 10.0.40219.1
Project("{9A19103F-16F7-4668-BE54-9A1E7A4F7556}") = "SignalAR", "TutorialHdLeon\SignalAR.csproj", "{3EB97C0E-B3F4-4874-A3D5-A75E2D41FA62}"
EndProject
Project("{9A19103F-16F7-4668-BE54-9A1E7A4F7556}") = "MiAngular", "MiAngular\MiAngular.csproj", "{BF5B22E7-E21E-4BCC-9C36-D2A03FF5CCBE}"
EndProject
Project("{9A19103F-16F7-4668-BE54-9A1E7A4F7556}") = "MiAngular21", "MiAngular21\MiAngular21.csproj", "{7D85FB9E-DA79-4377-81D1-DD1439006A5E}"
EndProject
Project("{FAE04EC0-301F-11D3-BF4B-00C04F79EFBC}") = "GuardarArchivos", "GuardarArchivos\GuardarArchivos.csproj", "{8E0B784F-1189-47B0-8F68-1C68606DE522}"
EndProject
Global
	GlobalSection(SolutionConfigurationPlatforms) = preSolution
		Debug|Any CPU = Debug|Any CPU
		Release|Any CPU = Release|Any CPU
	EndGlobalSection
	GlobalSection(ProjectConfigurationPlatforms) = postSolution
		{3EB97C0E-B3F4-4874-A3D5-A75E2D41FA62}.Debug|Any CPU.ActiveCfg = Debug|Any CPU
		{3EB97C0E-B3F4-4874-A3D5-A75E2D41FA62}.Debug|Any CPU.Build.0 = Debug|Any CPU
		{3EB97C0E-B3F4-4874-A3D5-A75E2D41FA62}.Release|Any CPU.ActiveCfg = Release|Any CPU
		{3EB97C0E-B3F4-4874-A3D5-A75E2D41FA62}.Release|Any CPU.Build.0 = Release|Any CPU
		{BF5B22E7-E21E-4BCC-9C36-D2A03FF5CCBE}.Debug|Any CPU.ActiveCfg = Debug|Any CPU
		{BF5B22E7-E21E-4BCC-9C36-D2A03FF5CCBE}.Debug|Any CPU.Build.0 = Debug|Any CPU
		{BF5B22E7-E21E-4BCC-9C36-D2A03FF5CCBE}.Release|Any CPU.ActiveCfg = Release|Any CPU
		{BF5B22E7-E21E-4BCC-9C36-D2A03FF5CCBE}.Release|Any CPU.Build.0 = Release|Any CPU
		{7D85FB9E-DA79-4377-81D1-DD1439006A5E}.Debug|Any CPU.ActiveCfg = Debug|Any CPU
		{7D85FB9E-DA79-4377-81D1-DD1439006A5E}.Debug|Any CPU.Build.0 = Debug|Any CPU
		{7D85FB9E-DA79-4377-81D1-DD1439006A5E}.Release|Any CPU.ActiveCfg = Release|Any CPU
		{7D85FB9E-DA79-4377-81D1-DD1439006A5E}.Release|Any CPU.Build.0 = Release|Any CPU
		{8E0B784F-1189-47B0-8F68-1C68606DE522}.Debug|Any CPU.ActiveCfg = Debug|Any CPU
		{8E0B784F-1189-47B0-8F68-1C68606DE522}.Debug|Any CPU.Build.0 = Debug|Any CPU
		{8E0B784F-1189-47B0-8F68-1C68606DE522}.Release|Any CPU.ActiveCfg = Release|Any CPU
		{8E0B784F-1189-47B0-8F68-1C68606DE522}.Release|Any CPU.Build.0 = Release|Any CPU
	EndGlobalSection
	GlobalSection(SolutionProperties) = preSolution
		HideSolutionNode = FALSE
	EndGlobalSection
	GlobalSection(ExtensibilityGlobals) = postSolution
		SolutionGuid = {B9DD63C9-EEFD-4AE9-9E14-E3D33C574F83}
	EndGlobalSection
EndGlobal
